schema: '2.0'
stages:
  train:
    cmd: python src/train.py
    deps:
    - path: data/bank-additional-full.csv
      hash: md5
      md5: f6cb2c1256ffe2836b36df321f46e92c
      size: 5834924
    - path: src/train.py
      hash: md5
      md5: acd253aeb19bd065738c41e77255f566
      size: 3349
    outs:
    - path: models/model.joblib
      hash: md5
      md5: 666c70248d28e7dd9a9e73996e1f6067
      size: 269157
