schema: '2.0'
stages:
  train:
    cmd: python src/train.py
    deps:
    - path: data/bank-additional-full.csv
      hash: md5
      md5: f6cb2c1256ffe2836b36df321f46e92c
      size: 5834924
    - path: src/train.py
      hash: md5
      md5: 30d35ea57dec64e2a7880dd20e5d4eb8
      size: 3411
    outs:
    - path: models/model.joblib
      hash: md5
      md5: aaa81ec930d2146c412e28dd1c2f0672
      size: 269157
